
Microsoft Visual Studio Solution File, Format Version 12.00
# Visual Studio Version 16
VisualStudioVersion = 16.0.29215.179
MinimumVisualStudioVersion = 10.0.40219.1
Project("{FAE04EC0-301F-11D3-BF4B-00C04F79EFBC}") = "ProduceManager.Form", "ProduceManager.Form\ProduceManager.Form.csproj", "{D5F4D10C-6A79-49E8-9AD6-5AE0E7C0675E}"
EndProject
Project("{FAE04EC0-301F-11D3-BF4B-00C04F79EFBC}") = "ProduceManagement.Core", "ProduceManagement.Core\ProduceManagement.Core.csproj", "{CF49B155-970F-4918-8F2F-80D4428D629D}"
EndProject
Global
	GlobalSection(SolutionConfigurationPlatforms) = preSolution
		Debug|Any CPU = Debug|Any CPU
		Release|Any CPU = Release|Any CPU
	EndGlobalSection
	GlobalSection(ProjectConfigurationPlatforms) = postSolution
		{D5F4D10C-6A79-49E8-9AD6-5AE0E7C0675E}.Debug|Any CPU.ActiveCfg = Debug|Any CPU
		{D5F4D10C-6A79-49E8-9AD6-5AE0E7C0675E}.Debug|Any CPU.Build.0 = Debug|Any CPU
		{D5F4D10C-6A79-49E8-9AD6-5AE0E7C0675E}.Release|Any CPU.ActiveCfg = Release|Any CPU
		{D5F4D10C-6A79-49E8-9AD6-5AE0E7C0675E}.Release|Any CPU.Build.0 = Release|Any CPU
		{CF49B155-970F-4918-8F2F-80D4428D629D}.Debug|Any CPU.ActiveCfg = Debug|Any CPU
		{CF49B155-970F-4918-8F2F-80D4428D629D}.Debug|Any CPU.Build.0 = Debug|Any CPU
		{CF49B155-970F-4918-8F2F-80D4428D629D}.Release|Any CPU.ActiveCfg = Release|Any CPU
		{CF49B155-970F-4918-8F2F-80D4428D629D}.Release|Any CPU.Build.0 = Release|Any CPU
	EndGlobalSection
	GlobalSection(SolutionProperties) = preSolution
		HideSolutionNode = FALSE
	EndGlobalSection
	GlobalSection(ExtensibilityGlobals) = postSolution
		SolutionGuid = {0A9151F2-63CB-4620-BFB5-B4925D4EE3D0}
	EndGlobalSection
EndGlobal
